
Microsoft Visual Studio Solution File, Format Version 12.00
# Visual Studio Version 17
VisualStudioVersion = 17.9.34728.123
MinimumVisualStudioVersion = 10.0.40219.1
Project("{9A19103F-16F7-4668-BE54-9A1E7A4F7556}") = "lab1", "lab1\lab1.csproj", "{EEC1F704-0976-419F-8F82-FAF7DAF40557}"
EndProject
Project("{FAE04EC0-301F-11D3-BF4B-00C04F79EFBC}") = "TestProject1", "TestProject1\TestProject1.csproj", "{F1FF415C-B154-46D6-803D-6FFBC8F9A93A}"
EndProject
Global
	GlobalSection(SolutionConfigurationPlatforms) = preSolution
		Debug|Any CPU = Debug|Any CPU
		Release|Any CPU = Release|Any CPU
	EndGlobalSection
	GlobalSection(ProjectConfigurationPlatforms) = postSolution
		{EEC1F704-0976-419F-8F82-FAF7DAF40557}.Debug|Any CPU.ActiveCfg = Debug|Any CPU
		{EEC1F704-0976-419F-8F82-FAF7DAF40557}.Debug|Any CPU.Build.0 = Debug|Any CPU
		{EEC1F704-0976-419F-8F82-FAF7DAF40557}.Release|Any CPU.ActiveCfg = Release|Any CPU
		{EEC1F704-0976-419F-8F82-FAF7DAF40557}.Release|Any CPU.Build.0 = Release|Any CPU
		{F1FF415C-B154-46D6-803D-6FFBC8F9A93A}.Debug|Any CPU.ActiveCfg = Debug|Any CPU
		{F1FF415C-B154-46D6-803D-6FFBC8F9A93A}.Debug|Any CPU.Build.0 = Debug|Any CPU
		{F1FF415C-B154-46D6-803D-6FFBC8F9A93A}.Release|Any CPU.ActiveCfg = Release|Any CPU
		{F1FF415C-B154-46D6-803D-6FFBC8F9A93A}.Release|Any CPU.Build.0 = Release|Any CPU
	EndGlobalSection
	GlobalSection(SolutionProperties) = preSolution
		HideSolutionNode = FALSE
	EndGlobalSection
	GlobalSection(ExtensibilityGlobals) = postSolution
		SolutionGuid = {DD671860-2EA8-43E2-B8AF-C57ACF79A700}
	EndGlobalSection
EndGlobal
